
Microsoft Visual Studio Solution File, Format Version 12.00
# Visual Studio Version 16
VisualStudioVersion = 16.0.30717.126
MinimumVisualStudioVersion = 10.0.40219.1
Project("{FAE04EC0-301F-11D3-BF4B-00C04F79EFBC}") = "NoteAthon.Web", "src\NoteAthon.Web\NoteAthon.Web.csproj", "{34C73770-D70D-4DBD-A7EB-6CFDE5626B6A}"
EndProject
Global
	GlobalSection(SolutionConfigurationPlatforms) = preSolution
		Debug|Any CPU = Debug|Any CPU
		Release|Any CPU = Release|Any CPU
	EndGlobalSection
	GlobalSection(ProjectConfigurationPlatforms) = postSolution
		{34C73770-D70D-4DBD-A7EB-6CFDE5626B6A}.Debug|Any CPU.ActiveCfg = Debug|Any CPU
		{34C73770-D70D-4DBD-A7EB-6CFDE5626B6A}.Debug|Any CPU.Build.0 = Debug|Any CPU
		{34C73770-D70D-4DBD-A7EB-6CFDE5626B6A}.Release|Any CPU.ActiveCfg = Release|Any CPU
		{34C73770-D70D-4DBD-A7EB-6CFDE5626B6A}.Release|Any CPU.Build.0 = Release|Any CPU
	EndGlobalSection
	GlobalSection(SolutionProperties) = preSolution
		HideSolutionNode = FALSE
	EndGlobalSection
	GlobalSection(ExtensibilityGlobals) = postSolution
		SolutionGuid = {47DF7697-A8D7-48F1-AA6F-D7B8FF976AE2}
	EndGlobalSection
EndGlobal
